// !$*UTF8*$!
{
	archiveVersion = 1;
	classes = {
	};
	objectVersion = 56;
	objects = {

/* Begin PBXBuildFile section */
		A1000001 /* WhisperLocalApp.swift in Sources */ = {isa = PBXBuildFile; fileRef = A2000001; };
		A1000002 /* Transcription.swift in Sources */ = {isa = PBXBuildFile; fileRef = A2000002; };
		A1000003 /* DownloadedModel.swift in Sources */ = {isa = PBXBuildFile; fileRef = A2000003; };
		A1000004 /* HFModel.swift in Sources */ = {isa = PBXBuildFile; fileRef = A2000004; };
		A1000005 /* HuggingFaceService.swift in Sources */ = {isa = PBXBuildFile; fileRef = A2000005; };
		A1000006 /* AudioProcessor.swift in Sources */ = {isa = PBXBuildFile; fileRef = A2000006; };
		A1000007 /* TranscriptionEngine.swift in Sources */ = {isa = PBXBuildFile; fileRef = A2000007; };
		A1000008 /* ModelManager.swift in Sources */ = {isa = PBXBuildFile; fileRef = A2000008; };
		A1000009 /* ExportService.swift in Sources */ = {isa = PBXBuildFile; fileRef = A2000009; };
		A100000B /* RootTabView.swift in Sources */ = {isa = PBXBuildFile; fileRef = A200000B; };
		A100000C /* TranscribeView.swift in Sources */ = {isa = PBXBuildFile; fileRef = A200000C; };
		A100000D /* ModelsView.swift in Sources */ = {isa = PBXBuildFile; fileRef = A200000D; };
		A100000E /* HistoryView.swift in Sources */ = {isa = PBXBuildFile; fileRef = A200000E; };
		A100000F /* ExportSheet.swift in Sources */ = {isa = PBXBuildFile; fileRef = A200000F; };
		A1000010 /* NotesImportReviewView.swift in Sources */ = {isa = PBXBuildFile; fileRef = A2000010; };
		A1000013 /* DiskSpace.swift in Sources */ = {isa = PBXBuildFile; fileRef = A2000013;};
		A1000012 /* SettingsView.swift in Sources */ = {isa = PBXBuildFile; fileRef = A2000012; };
		A1000011 /* Assets.xcassets in Resources */ = {isa = PBXBuildFile; fileRef = A2000011; };
		A9500003 /* TranscriptionTypes.swift in Sources */ = {isa = PBXBuildFile; fileRef = A9500002 /* TranscriptionTypes.swift */;};
		A9500005 /* DocumentPickerService.swift in Sources */ = {isa = PBXBuildFile; fileRef = A9500004 /* DocumentPickerService.swift */;};
		A9500007 /* DocumentPickerSheet.swift in Sources */ = {isa = PBXBuildFile; fileRef = A9500006 /* DocumentPickerSheet.swift */;};
/* End PBXBuildFile section */

/* Begin PBXFileReference section */
		A2000001 /* WhisperLocalApp.swift */ = {isa = PBXFileReference; lastKnownFileType = sourcecode.swift; path = WhisperLocalApp.swift; sourceTree = "<group>"; };
		A2000002 /* Transcription.swift */ = {isa = PBXFileReference; lastKnownFileType = sourcecode.swift; path = Transcription.swift; sourceTree = "<group>"; };
		A2000003 /* DownloadedModel.swift */ = {isa = PBXFileReference; lastKnownFileType = sourcecode.swift; path = DownloadedModel.swift; sourceTree = "<group>"; };
		A2000004 /* HFModel.swift */ = {isa = PBXFileReference; lastKnownFileType = sourcecode.swift; path = HFModel.swift; sourceTree = "<group>"; };
		A2000005 /* HuggingFaceService.swift */ = {isa = PBXFileReference; lastKnownFileType = sourcecode.swift; path = HuggingFaceService.swift; sourceTree = "<group>"; };
		A2000006 /* AudioProcessor.swift */ = {isa = PBXFileReference; lastKnownFileType = sourcecode.swift; path = AudioProcessor.swift; sourceTree = "<group>"; };
		A2000007 /* TranscriptionEngine.swift */ = {isa = PBXFileReference; lastKnownFileType = sourcecode.swift; path = TranscriptionEngine.swift; sourceTree = "<group>"; };
		A2000008 /* ModelManager.swift */ = {isa = PBXFileReference; lastKnownFileType = sourcecode.swift; path = ModelManager.swift; sourceTree = "<group>"; };
		A2000009 /* ExportService.swift */ = {isa = PBXFileReference; lastKnownFileType = sourcecode.swift; path = ExportService.swift; sourceTree = "<group>"; };
		A200000B /* RootTabView.swift */ = {isa = PBXFileReference; lastKnownFileType = sourcecode.swift; path = RootTabView.swift; sourceTree = "<group>"; };
		A200000C /* TranscribeView.swift */ = {isa = PBXFileReference; lastKnownFileType = sourcecode.swift; path = TranscribeView.swift; sourceTree = "<group>"; };
		A200000D /* ModelsView.swift */ = {isa = PBXFileReference; lastKnownFileType = sourcecode.swift; path = ModelsView.swift; sourceTree = "<group>"; };
		A200000E /* HistoryView.swift */ = {isa = PBXFileReference; lastKnownFileType = sourcecode.swift; path = HistoryView.swift; sourceTree = "<group>"; };
		A200000F /* ExportSheet.swift */ = {isa = PBXFileReference; lastKnownFileType = sourcecode.swift; path = ExportSheet.swift; sourceTree = "<group>"; };
		A2000010 /* NotesImportReviewView.swift */ = {isa = PBXFileReference; lastKnownFileType = sourcecode.swift; path = NotesImportReviewView.swift; sourceTree = "<group>"; };
		A2000013 /* DiskSpace.swift */ = {isa = PBXFileReference; lastKnownFileType = sourcecode.swift; path = DiskSpace.swift; sourceTree = "<group>";};
		A2000012 /* SettingsView.swift */ = {isa = PBXFileReference; lastKnownFileType = sourcecode.swift; path = SettingsView.swift;
				DiskSpace.swift; sourceTree = "<group>"; };
		A9500002 /* TranscriptionTypes.swift */ = {isa = PBXFileReference; lastKnownFileType = sourcecode.swift; path = TranscriptionTypes.swift; sourceTree = "<group>";};
		A9500004 /* DocumentPickerService.swift */ = {isa = PBXFileReference; lastKnownFileType = sourcecode.swift; path = DocumentPickerService.swift; sourceTree = "<group>";};
		A9500006 /* DocumentPickerSheet.swift */ = {isa = PBXFileReference; lastKnownFileType = sourcecode.swift; path = DocumentPickerSheet.swift; sourceTree = "<group>";};
		A3000001 /* WhisperLocal.app */ = {isa = PBXFileReference; explicitFileType = wrapper.application; includeInIndex = 0; path = WhisperLocal.app; sourceTree = BUILT_PRODUCTS_DIR; };
		A2000011 /* Assets.xcassets */ = {isa = PBXFileReference; lastKnownFileType = folder.assetcatalog; path = Assets.xcassets; sourceTree = "<group>"; };
/* End PBXFileReference section */

/* Begin PBXFrameworksBuildPhase section */
		A4000001 /* Frameworks */ = {
			isa = PBXFrameworksBuildPhase;
			buildActionMask = 2147483647;
			files = (
			);
			runOnlyForDeploymentPostprocessing = 0;
		};
/* End PBXFrameworksBuildPhase section */

/* Begin PBXGroup section */
		A5000001 = {
			isa = PBXGroup;
			children = (
				A5000002 /* WhisperLocal */,
				A5000006 /* Products */,
			);
			sourceTree = "<group>";
		};
		A5000002 /* WhisperLocal */ = {
			isa = PBXGroup;
			children = (
				A2000001 /* WhisperLocalApp.swift */,
				A5000003 /* Models */,
				A5000004 /* Views */,
				A5000005 /* Services */,
				A2000011 /* Assets.xcassets */,
			);
			path = WhisperLocal;
			sourceTree = "<group>";
		};
		A5000003 /* Models */ = {
			isa = PBXGroup;
			children = (
				A2000002 /* Transcription.swift */,
				A2000003 /* DownloadedModel.swift */,
				A2000004 /* HFModel.swift */,
			
				A9500002 /* TranscriptionTypes.swift */,
			);
			path = Models;
			sourceTree = "<group>";
		};
		A5000004 /* Views */ = {
			isa = PBXGroup;
			children = (
				A200000B /* RootTabView.swift */,
				A200000C /* TranscribeView.swift */,
				A200000D /* ModelsView.swift */,
				A200000E /* HistoryView.swift */,
				A200000F /* ExportSheet.swift */,
				A2000010 /* NotesImportReviewView.swift */,
				A2000013 /* DiskSpace.swift */ = {isa = PBXFileReference; lastKnownFileType = sourcecode.swift; path = DiskSpace.swift; sourceTree = "<group>";};
		A2000012 /* SettingsView.swift */,
			
				A9500006 /* DocumentPickerSheet.swift */,
			);
			path = Views;
			sourceTree = "<group>";
		};
		A5000005 /* Services */ = {
			isa = PBXGroup;
			children = (
				A2000005 /* HuggingFaceService.swift */,
				A2000006 /* AudioProcessor.swift */,
				A2000007 /* TranscriptionEngine.swift */,
				A2000008 /* ModelManager.swift */,
				A2000009 /* ExportService.swift */,
			
				A9500004 /* DocumentPickerService.swift */,
			);
			path = Services;
			sourceTree = "<group>";
		};
		A5000006 /* Products */ = {
			isa = PBXGroup;
			children = (
				A3000001 /* WhisperLocal.app */,
			);
			name = Products;
			sourceTree = "<group>";
		};
/* End PBXGroup section */

/* Begin PBXNativeTarget section */
		A6000001 /* WhisperLocal */ = {
			isa = PBXNativeTarget;
			buildConfigurationList = A8000003;
			buildPhases = (
				A7000001 /* Sources */,
				A4000001 /* Frameworks */,
				A7000002 /* Resources */,
			);
			buildRules = (
			);
			dependencies = (
			);
			name = WhisperLocal;
			packageProductDependencies = (
				A9000001 /* WhisperKit */,
			);
			productName = WhisperLocal;
			productReference = A3000001;
			productType = "com.apple.product-type.application";
		};
/* End PBXNativeTarget section */

/* Begin PBXProject section */
		A0000001 /* Project object */ = {
			isa = PBXProject;
			attributes = {
				BuildIndependentTargetsInParallel = 1;
				LastSwiftUpdateCheck = 1540;
				LastUpgradeCheck = 1540;
			};
			buildConfigurationList = A8000001;
			compatibilityVersion = "Xcode 14.0";
			developmentRegion = en;
			hasScannedForEncodings = 0;
			knownRegions = (en, Base);
			mainGroup = A5000001;
			packageReferences = (
				A9500001 /* XCRemoteSwiftPackageReference "WhisperKit" */,
			);
			productRefGroup = A5000006;
			projectDirPath = "";
			projectRoot = "";
			targets = (
				A6000001 /* WhisperLocal */,
			);
		};
/* End PBXProject section */

/* Begin PBXResourcesBuildPhase section */
		A7000002 /* Resources */ = {
			isa = PBXResourcesBuildPhase;
			buildActionMask = 2147483647;
			files = (
				A1000011 /* Assets.xcassets in Resources */,
			);
			runOnlyForDeploymentPostprocessing = 0;
		};
/* End PBXResourcesBuildPhase section */

/* Begin PBXSourcesBuildPhase section */
		A7000001 /* Sources */ = {
			isa = PBXSourcesBuildPhase;
			buildActionMask = 2147483647;
			files = (
				A1000001 /* WhisperLocalApp.swift in Sources */,
				A1000002 /* Transcription.swift in Sources */,
				A1000003 /* DownloadedModel.swift in Sources */,
				A1000004 /* HFModel.swift in Sources */,
				A1000005 /* HuggingFaceService.swift in Sources */,
				A1000006 /* AudioProcessor.swift in Sources */,
				A1000007 /* TranscriptionEngine.swift in Sources */,
				A1000008 /* ModelManager.swift in Sources */,
				A1000009 /* ExportService.swift in Sources */,
				A100000B /* RootTabView.swift in Sources */,
				A100000C /* TranscribeView.swift in Sources */,
				A100000D /* ModelsView.swift in Sources */,
				A100000E /* HistoryView.swift in Sources */,
				A100000F /* ExportSheet.swift in Sources */,
				A1000010 /* NotesImportReviewView.swift in Sources */,
				A1000013 /* DiskSpace.swift in Sources */ = {isa = PBXBuildFile; fileRef = A2000013;};
		A1000012 /* SettingsView.swift in Sources */,
			
				A9500003 /* TranscriptionTypes.swift in Sources */,
				A9500005 /* DocumentPickerService.swift in Sources */,
				A9500007 /* DocumentPickerSheet.swift in Sources */,
			);
			runOnlyForDeploymentPostprocessing = 0;
		};
/* End PBXSourcesBuildPhase section */

/* Begin XCBuildConfiguration section */
		A8000002 /* Debug */ = {
			isa = XCBuildConfiguration;
			buildSettings = {
				ALWAYS_SEARCH_USER_PATHS = NO;
				ASSETCATALOG_COMPILER_GENERATE_SWIFT_ASSET_SYMBOL_EXTENSIONS = YES;
				ASSETCATALOG_COMPILER_APPICON_NAME = AppIcon;
				ASSETCATALOG_COMPILER_GLOBAL_ACCENT_COLOR_NAME = AccentColor;
				CLANG_ANALYZER_NONNULL = YES;
				CLANG_CXX_LANGUAGE_STANDARD = "gnu++20";
				CLANG_ENABLE_MODULES = YES;
				CLANG_ENABLE_OBJC_ARC = YES;
				CLANG_WARN_BLOCK_CAPTURE_AUTORELEASING = YES;
				CLANG_WARN_BOOL_CONVERSION = YES;
				CLANG_WARN_COMMA = YES;
				CLANG_WARN_CONSTANT_CONVERSION = YES;
				CLANG_WARN_DEPRECATED_OBJC_IMPLEMENTATIONS = YES;
				CLANG_WARN_DIRECT_OBJC_ISA_USAGE = YES_ERROR;
				CLANG_WARN_EMPTY_BODY = YES;
				CLANG_WARN_ENUM_CONVERSION = YES;
				CLANG_WARN_INFINITE_RECURSION = YES;
				CLANG_WARN_INT_CONVERSION = YES;
				CLANG_WARN_OBJC_ROOT_CLASS = YES_ERROR;
				CLANG_WARN_RANGE_LOOP_ANALYSIS = YES;
				CLANG_WARN_STRICT_PROTOTYPES = YES;
				CLANG_WARN_SUSPICIOUS_MOVE = YES;
				CLANG_WARN_UNREACHABLE_CODE = YES;
				COPY_PHASE_STRIP = NO;
				DEBUG_INFORMATION_FORMAT = dwarf;
				ENABLE_STRICT_OBJC_MSGSEND = YES;
				ENABLE_TESTABILITY = YES;
				GCC_C_LANGUAGE_STANDARD = gnu17;
				GCC_DYNAMIC_NO_PIC = NO;
				GCC_NO_COMMON_BLOCKS = YES;
				GCC_OPTIMIZATION_LEVEL = 0;
				GCC_PREPROCESSOR_DEFINITIONS = ("DEBUG=1", "$(inherited)");
				GCC_WARN_ABOUT_RETURN_TYPE = YES_ERROR;
				GCC_WARN_UNDECLARED_SELECTOR = YES;
				GCC_WARN_UNINITIALIZED_AUTOS = YES_AGGRESSIVE;
				GCC_WARN_UNUSED_FUNCTION = YES;
				GCC_WARN_UNUSED_VARIABLE = YES;
				IPHONEOS_DEPLOYMENT_TARGET = 17.0;
				LOCALIZATION_PREFERS_STRING_CATALOGS = YES;
				MTL_ENABLE_DEBUG_INFO = INCLUDE_SOURCE;
				MTL_FAST_MATH = YES;
				ONLY_ACTIVE_ARCH = YES;
				SDKROOT = iphoneos;
				SWIFT_ACTIVE_COMPILATION_CONDITIONS = "DEBUG $(inherited)";
				SWIFT_OPTIMIZATION_LEVEL = "-Onone";
			};
			name = Debug;
		};
		A8000004 /* Release */ = {
			isa = XCBuildConfiguration;
			buildSettings = {
				ALWAYS_SEARCH_USER_PATHS = NO;
				ASSETCATALOG_COMPILER_GENERATE_SWIFT_ASSET_SYMBOL_EXTENSIONS = YES;
				ASSETCATALOG_COMPILER_APPICON_NAME = AppIcon;
				ASSETCATALOG_COMPILER_GLOBAL_ACCENT_COLOR_NAME = AccentColor;
				CLANG_ANALYZER_NONNULL = YES;
				CLANG_CXX_LANGUAGE_STANDARD = "gnu++20";
				CLANG_ENABLE_MODULES = YES;
				CLANG_ENABLE_OBJC_ARC = YES;
				CLANG_WARN_BLOCK_CAPTURE_AUTORELEASING = YES;
				CLANG_WARN_BOOL_CONVERSION = YES;
				CLANG_WARN_COMMA = YES;
				CLANG_WARN_CONSTANT_CONVERSION = YES;
				CLANG_WARN_DEPRECATED_OBJC_IMPLEMENTATIONS = YES;
				CLANG_WARN_DIRECT_OBJC_ISA_USAGE = YES_ERROR;
				CLANG_WARN_EMPTY_BODY = YES;
				CLANG_WARN_ENUM_CONVERSION = YES;
				CLANG_WARN_INFINITE_RECURSION = YES;
				CLANG_WARN_INT_CONVERSION = YES;
				CLANG_WARN_OBJC_ROOT_CLASS = YES_ERROR;
				CLANG_WARN_RANGE_LOOP_ANALYSIS = YES;
				CLANG_WARN_STRICT_PROTOTYPES = YES;
				CLANG_WARN_SUSPICIOUS_MOVE = YES;
				CLANG_WARN_UNREACHABLE_CODE = YES;
				COPY_PHASE_STRIP = NO;
				DEBUG_INFORMATION_FORMAT = "dwarf-with-dsym";
				ENABLE_NS_ASSERTIONS = NO;
				ENABLE_STRICT_OBJC_MSGSEND = YES;
				GCC_C_LANGUAGE_STANDARD = gnu17;
				GCC_NO_COMMON_BLOCKS = YES;
				GCC_WARN_ABOUT_RETURN_TYPE = YES_ERROR;
				GCC_WARN_UNDECLARED_SELECTOR = YES;
				GCC_WARN_UNINITIALIZED_AUTOS = YES_AGGRESSIVE;
				GCC_WARN_UNUSED_FUNCTION = YES;
				GCC_WARN_UNUSED_VARIABLE = YES;
				IPHONEOS_DEPLOYMENT_TARGET = 17.0;
				LOCALIZATION_PREFERS_STRING_CATALOGS = YES;
				MTL_ENABLE_DEBUG_INFO = NO;
				MTL_FAST_MATH = YES;
				SDKROOT = iphoneos;
				SWIFT_COMPILATION_MODE = wholemodule;
				VALIDATE_PRODUCT = YES;
			};
			name = Release;
		};
		A8000005 /* Debug */ = {
			isa = XCBuildConfiguration;
			buildSettings = {
				CODE_SIGN_STYLE = Automatic;
				CURRENT_PROJECT_VERSION = 1;
				ENABLE_PREVIEWS = YES;
				GENERATE_INFOPLIST_FILE = NO;
				INFOPLIST_FILE = WhisperLocal/Info.plist;
				INFOPLIST_KEY_CFBundleDisplayName = "Whisper Local";
				INFOPLIST_KEY_UIApplicationSceneManifest_Generation = YES;
				INFOPLIST_KEY_UIApplicationSupportsIndirectInputEvents = YES;
				INFOPLIST_KEY_UILaunchScreen_Generation = YES;
				LD_RUNPATH_SEARCH_PATHS = ("$(inherited)", "@executable_path/Frameworks");
				MARKETING_VERSION = 1.0;
				PRODUCT_BUNDLE_IDENTIFIER = com.local.WhisperLocal;
				PRODUCT_NAME = "$(TARGET_NAME)";
				SUPPORTED_PLATFORMS = "iphoneos iphonesimulator";
				SUPPORTS_MACCATALYST = NO;
				SWIFT_EMIT_LOC_STRINGS = YES;
				SWIFT_VERSION = 5.0;
				TARGETED_DEVICE_FAMILY = "1,2";
			};
			name = Debug;
		};
		A8000006 /* Release */ = {
			isa = XCBuildConfiguration;
			buildSettings = {
				CODE_SIGN_STYLE = Automatic;
				CURRENT_PROJECT_VERSION = 1;
				ENABLE_PREVIEWS = YES;
				GENERATE_INFOPLIST_FILE = NO;
				INFOPLIST_FILE = WhisperLocal/Info.plist;
				INFOPLIST_KEY_CFBundleDisplayName = "Whisper Local";
				INFOPLIST_KEY_UIApplicationSceneManifest_Generation = YES;
				INFOPLIST_KEY_UIApplicationSupportsIndirectInputEvents = YES;
				INFOPLIST_KEY_UILaunchScreen_Generation = YES;
				LD_RUNPATH_SEARCH_PATHS = ("$(inherited)", "@executable_path/Frameworks");
				MARKETING_VERSION = 1.0;
				PRODUCT_BUNDLE_IDENTIFIER = com.local.WhisperLocal;
				PRODUCT_NAME = "$(TARGET_NAME)";
				SUPPORTED_PLATFORMS = "iphoneos iphonesimulator";
				SUPPORTS_MACCATALYST = NO;
				SWIFT_EMIT_LOC_STRINGS = YES;
				SWIFT_VERSION = 5.0;
				TARGETED_DEVICE_FAMILY = "1,2";
			};
			name = Release;
		};
/* End XCBuildConfiguration section */

/* Begin XCConfigurationList section */
		A8000001 /* Build configuration list for PBXProject "WhisperLocal" */ = {
			isa = XCConfigurationList;
			buildConfigurations = (
				A8000002 /* Debug */,
				A8000004 /* Release */,
			);
			defaultConfigurationIsVisible = 0;
			defaultConfigurationName = Release;
		};
		A8000003 /* Build configuration list for PBXNativeTarget "WhisperLocal" */ = {
			isa = XCConfigurationList;
			buildConfigurations = (
				A8000005 /* Debug */,
				A8000006 /* Release */,
			);
			defaultConfigurationIsVisible = 0;
			defaultConfigurationName = Release;
		};
/* End XCConfigurationList section */

/* Begin XCRemoteSwiftPackageReference section */
		A9500001 /* XCRemoteSwiftPackageReference "WhisperKit" */ = {
			isa = XCRemoteSwiftPackageReference;
			repositoryURL = "https://github.com/argmaxinc/argmax-oss-swift.git";
			requirement = {
				kind = upToNextMajorVersion;
				minimumVersion = 0.9.0;
			};
		};
/* End XCRemoteSwiftPackageReference section */

/* Begin XCSwiftPackageProductDependency section */
		A9000001 /* WhisperKit */ = {
			isa = XCSwiftPackageProductDependency;
			package = A9500001;
			productName = WhisperKit;
		};
/* End XCSwiftPackageProductDependency section */
	};
	rootObject = A0000001;
}
